
Microsoft Visual Studio Solution File, Format Version 12.00
# Visual Studio Version 17
VisualStudioVersion = 17.5.002.0
MinimumVisualStudioVersion = 10.0.40219.1
Project("{9A19103F-16F7-4668-BE54-9A1E7A4F7556}") = "herançapolimorfismo", "herançapolimorfismo.csproj", "{CD0ACD31-2E23-4D2B-B1DE-941315136495}"
EndProject
Global
	GlobalSection(SolutionConfigurationPlatforms) = preSolution
		Debug|Any CPU = Debug|Any CPU
		Release|Any CPU = Release|Any CPU
	EndGlobalSection
	GlobalSection(ProjectConfigurationPlatforms) = postSolution
		{CD0ACD31-2E23-4D2B-B1DE-941315136495}.Debug|Any CPU.ActiveCfg = Debug|Any CPU
		{CD0ACD31-2E23-4D2B-B1DE-941315136495}.Debug|Any CPU.Build.0 = Debug|Any CPU
		{CD0ACD31-2E23-4D2B-B1DE-941315136495}.Release|Any CPU.ActiveCfg = Release|Any CPU
		{CD0ACD31-2E23-4D2B-B1DE-941315136495}.Release|Any CPU.Build.0 = Release|Any CPU
	EndGlobalSection
	GlobalSection(SolutionProperties) = preSolution
		HideSolutionNode = FALSE
	EndGlobalSection
	GlobalSection(ExtensibilityGlobals) = postSolution
		SolutionGuid = {441CEB8C-5229-489B-8B41-FF74CCB4BD2D}
	EndGlobalSection
EndGlobal
